
Microsoft Visual Studio Solution File, Format Version 12.00
# Visual Studio Version 17
VisualStudioVersion = 17.14.36121.58 d17.14
MinimumVisualStudioVersion = 10.0.40219.1
Project("{FAE04EC0-301F-11D3-BF4B-00C04F79EFBC}") = "ProjectOpenAi", "ProjectOpenAi.csproj", "{256D4BBF-D17A-4994-96C5-6E0FD8C5D38A}"
EndProject
Global
	GlobalSection(SolutionConfigurationPlatforms) = preSolution
		Debug|Any CPU = Debug|Any CPU
		Release|Any CPU = Release|Any CPU
	EndGlobalSection
	GlobalSection(ProjectConfigurationPlatforms) = postSolution
		{256D4BBF-D17A-4994-96C5-6E0FD8C5D38A}.Debug|Any CPU.ActiveCfg = Debug|Any CPU
		{256D4BBF-D17A-4994-96C5-6E0FD8C5D38A}.Debug|Any CPU.Build.0 = Debug|Any CPU
		{256D4BBF-D17A-4994-96C5-6E0FD8C5D38A}.Release|Any CPU.ActiveCfg = Release|Any CPU
		{256D4BBF-D17A-4994-96C5-6E0FD8C5D38A}.Release|Any CPU.Build.0 = Release|Any CPU
	EndGlobalSection
	GlobalSection(SolutionProperties) = preSolution
		HideSolutionNode = FALSE
	EndGlobalSection
	GlobalSection(ExtensibilityGlobals) = postSolution
		SolutionGuid = {1CFECDAE-F0CA-4F66-A893-C71C137D06B0}
	EndGlobalSection
EndGlobal
